// !$*UTF8*$!
{
	archiveVersion = 1;
	classes = {
	};
	objectVersion = 50;
	objects = {

/* Begin PBXBuildFile section */
		2C097272537DF35BF7C27356 /* Pods_TestTwoUITests.framework in Frameworks */ = {isa = PBXBuildFile; fileRef = D915A6DD197A486A04C1A887 /* Pods_TestTwoUITests.framework */; };
		789E0F1B9AFDFAE31B6B33D0 /* Pods_TestTwoTests.framework in Frameworks */ = {isa = PBXBuildFile; fileRef = 917D52DE33B156F3F9596E6D /* Pods_TestTwoTests.framework */; };
		8D87E3805C74D76D8675E779 /* Pods_TestTwo.framework in Frameworks */ = {isa = PBXBuildFile; fileRef = A7A000CC41E921E320E71461 /* Pods_TestTwo.framework */; };
		E9F0EEA5226878DB00FAA7A9 /* AppDelegate.m in Sources */ = {isa = PBXBuildFile; fileRef = E9F0EEA4226878DB00FAA7A9 /* AppDelegate.m */; };
		E9F0EEA8226878DB00FAA7A9 /* ViewController.m in Sources */ = {isa = PBXBuildFile; fileRef = E9F0EEA7226878DB00FAA7A9 /* ViewController.m */; };
		E9F0EEAB226878DB00FAA7A9 /* Main.storyboard in Resources */ = {isa = PBXBuildFile; fileRef = E9F0EEA9226878DB00FAA7A9 /* Main.storyboard */; };
		E9F0EEAD226878DC00FAA7A9 /* Assets.xcassets in Resources */ = {isa = PBXBuildFile; fileRef = E9F0EEAC226878DC00FAA7A9 /* Assets.xcassets */; };
		E9F0EEB0226878DC00FAA7A9 /* LaunchScreen.storyboard in Resources */ = {isa = PBXBuildFile; fileRef = E9F0EEAE226878DC00FAA7A9 /* LaunchScreen.storyboard */; };
		E9F0EEB3226878DC00FAA7A9 /* main.m in Sources */ = {isa = PBXBuildFile; fileRef = E9F0EEB2226878DC00FAA7A9 /* main.m */; };
		E9F0EEBD226878DC00FAA7A9 /* TestTwoTests.m in Sources */ = {isa = PBXBuildFile; fileRef = E9F0EEBC226878DC00FAA7A9 /* TestTwoTests.m */; };
		E9F0EEC8226878DC00FAA7A9 /* TestTwoUITests.m in Sources */ = {isa = PBXBuildFile; fileRef = E9F0EEC7226878DC00FAA7A9 /* TestTwoUITests.m */; };
		E9F0EEDA2268800200FAA7A9 /* App.framework in Frameworks */ = {isa = PBXBuildFile; fileRef = E9F0EED922687FFF00FAA7A9 /* App.framework */; };
		E9F0EEDB2268800200FAA7A9 /* App.framework in Embed Frameworks */ = {isa = PBXBuildFile; fileRef = E9F0EED922687FFF00FAA7A9 /* App.framework */; settings = {ATTRIBUTES = (CodeSignOnCopy, RemoveHeadersOnCopy, ); }; };
		E9F0EEDD226885B700FAA7A9 /* Flutter.framework in Frameworks */ = {isa = PBXBuildFile; fileRef = E9F0EED522687ECE00FAA7A9 /* Flutter.framework */; };
		E9F0EEDE226885B700FAA7A9 /* Flutter.framework in Embed Frameworks */ = {isa = PBXBuildFile; fileRef = E9F0EED522687ECE00FAA7A9 /* Flutter.framework */; settings = {ATTRIBUTES = (CodeSignOnCopy, RemoveHeadersOnCopy, ); }; };
/* End PBXBuildFile section */

/* Begin PBXContainerItemProxy section */
		E9F0EEB9226878DC00FAA7A9 /* PBXContainerItemProxy */ = {
			isa = PBXContainerItemProxy;
			containerPortal = E9F0EE98226878DB00FAA7A9 /* Project object */;
			proxyType = 1;
			remoteGlobalIDString = E9F0EE9F226878DB00FAA7A9;
			remoteInfo = TestTwo;
		};
		E9F0EEC4226878DC00FAA7A9 /* PBXContainerItemProxy */ = {
			isa = PBXContainerItemProxy;
			containerPortal = E9F0EE98226878DB00FAA7A9 /* Project object */;
			proxyType = 1;
			remoteGlobalIDString = E9F0EE9F226878DB00FAA7A9;
			remoteInfo = TestTwo;
		};
/* End PBXContainerItemProxy section */

/* Begin PBXCopyFilesBuildPhase section */
		E9F0EED822687EDB00FAA7A9 /* Embed Frameworks */ = {
			isa = PBXCopyFilesBuildPhase;
			buildActionMask = 2147483647;
			dstPath = "";
			dstSubfolderSpec = 10;
			files = (
				E9F0EEDB2268800200FAA7A9 /* App.framework in Embed Frameworks */,
				E9F0EEDE226885B700FAA7A9 /* Flutter.framework in Embed Frameworks */,
			);
			name = "Embed Frameworks";
			runOnlyForDeploymentPostprocessing = 0;
		};
		E9F0EEDC226883BF00FAA7A9 /* CopyFiles */ = {
			isa = PBXCopyFilesBuildPhase;
			buildActionMask = 2147483647;
			dstPath = "";
			dstSubfolderSpec = 7;
			files = (
			);
			runOnlyForDeploymentPostprocessing = 0;
		};
/* End PBXCopyFilesBuildPhase section */

/* Begin PBXFileReference section */
		27B49EBEAFBE3040AD07CCAD /* Pods-TestTwo.debug.xcconfig */ = {isa = PBXFileReference; includeInIndex = 1; lastKnownFileType = text.xcconfig; name = "Pods-TestTwo.debug.xcconfig"; path = "Target Support Files/Pods-TestTwo/Pods-TestTwo.debug.xcconfig"; sourceTree = "<group>"; };
		413BDE29754E5BBD1843E22C /* Pods-TestTwoUITests.release.xcconfig */ = {isa = PBXFileReference; includeInIndex = 1; lastKnownFileType = text.xcconfig; name = "Pods-TestTwoUITests.release.xcconfig"; path = "Target Support Files/Pods-TestTwoUITests/Pods-TestTwoUITests.release.xcconfig"; sourceTree = "<group>"; };
		8A51D9A59D775D7E94D93FCF /* Pods-TestTwoUITests.debug.xcconfig */ = {isa = PBXFileReference; includeInIndex = 1; lastKnownFileType = text.xcconfig; name = "Pods-TestTwoUITests.debug.xcconfig"; path = "Target Support Files/Pods-TestTwoUITests/Pods-TestTwoUITests.debug.xcconfig"; sourceTree = "<group>"; };
		8F7D54DD57A4F83D2EA47E00 /* Pods-TestTwoTests.debug.xcconfig */ = {isa = PBXFileReference; includeInIndex = 1; lastKnownFileType = text.xcconfig; name = "Pods-TestTwoTests.debug.xcconfig"; path = "Target Support Files/Pods-TestTwoTests/Pods-TestTwoTests.debug.xcconfig"; sourceTree = "<group>"; };
		917D52DE33B156F3F9596E6D /* Pods_TestTwoTests.framework */ = {isa = PBXFileReference; explicitFileType = wrapper.framework; includeInIndex = 0; path = Pods_TestTwoTests.framework; sourceTree = BUILT_PRODUCTS_DIR; };
		A7A000CC41E921E320E71461 /* Pods_TestTwo.framework */ = {isa = PBXFileReference; explicitFileType = wrapper.framework; includeInIndex = 0; path = Pods_TestTwo.framework; sourceTree = BUILT_PRODUCTS_DIR; };
		A88F35C756B80316139C5403 /* Pods-TestTwoTests.release.xcconfig */ = {isa = PBXFileReference; includeInIndex = 1; lastKnownFileType = text.xcconfig; name = "Pods-TestTwoTests.release.xcconfig"; path = "Target Support Files/Pods-TestTwoTests/Pods-TestTwoTests.release.xcconfig"; sourceTree = "<group>"; };
		AAE9B22161685F060F42A135 /* Pods-TestTwo.release.xcconfig */ = {isa = PBXFileReference; includeInIndex = 1; lastKnownFileType = text.xcconfig; name = "Pods-TestTwo.release.xcconfig"; path = "Target Support Files/Pods-TestTwo/Pods-TestTwo.release.xcconfig"; sourceTree = "<group>"; };
		D915A6DD197A486A04C1A887 /* Pods_TestTwoUITests.framework */ = {isa = PBXFileReference; explicitFileType = wrapper.framework; includeInIndex = 0; path = Pods_TestTwoUITests.framework; sourceTree = BUILT_PRODUCTS_DIR; };
		E9F0EEA0226878DB00FAA7A9 /* TestTwo.app */ = {isa = PBXFileReference; explicitFileType = wrapper.application; includeInIndex = 0; path = TestTwo.app; sourceTree = BUILT_PRODUCTS_DIR; };
		E9F0EEA3226878DB00FAA7A9 /* AppDelegate.h */ = {isa = PBXFileReference; lastKnownFileType = sourcecode.c.h; path = AppDelegate.h; sourceTree = "<group>"; };
		E9F0EEA4226878DB00FAA7A9 /* AppDelegate.m */ = {isa = PBXFileReference; lastKnownFileType = sourcecode.c.objc; path = AppDelegate.m; sourceTree = "<group>"; };
		E9F0EEA6226878DB00FAA7A9 /* ViewController.h */ = {isa = PBXFileReference; lastKnownFileType = sourcecode.c.h; path = ViewController.h; sourceTree = "<group>"; };
		E9F0EEA7226878DB00FAA7A9 /* ViewController.m */ = {isa = PBXFileReference; lastKnownFileType = sourcecode.c.objc; path = ViewController.m; sourceTree = "<group>"; };
		E9F0EEAA226878DB00FAA7A9 /* Base */ = {isa = PBXFileReference; lastKnownFileType = file.storyboard; name = Base; path = Base.lproj/Main.storyboard; sourceTree = "<group>"; };
		E9F0EEAC226878DC00FAA7A9 /* Assets.xcassets */ = {isa = PBXFileReference; lastKnownFileType = folder.assetcatalog; path = Assets.xcassets; sourceTree = "<group>"; };
		E9F0EEAF226878DC00FAA7A9 /* Base */ = {isa = PBXFileReference; lastKnownFileType = file.storyboard; name = Base; path = Base.lproj/LaunchScreen.storyboard; sourceTree = "<group>"; };
		E9F0EEB1226878DC00FAA7A9 /* Info.plist */ = {isa = PBXFileReference; lastKnownFileType = text.plist.xml; path = Info.plist; sourceTree = "<group>"; };
		E9F0EEB2226878DC00FAA7A9 /* main.m */ = {isa = PBXFileReference; lastKnownFileType = sourcecode.c.objc; path = main.m; sourceTree = "<group>"; };
		E9F0EEB8226878DC00FAA7A9 /* TestTwoTests.xctest */ = {isa = PBXFileReference; explicitFileType = wrapper.cfbundle; includeInIndex = 0; path = TestTwoTests.xctest; sourceTree = BUILT_PRODUCTS_DIR; };
		E9F0EEBC226878DC00FAA7A9 /* TestTwoTests.m */ = {isa = PBXFileReference; lastKnownFileType = sourcecode.c.objc; path = TestTwoTests.m; sourceTree = "<group>"; };
		E9F0EEBE226878DC00FAA7A9 /* Info.plist */ = {isa = PBXFileReference; lastKnownFileType = text.plist.xml; path = Info.plist; sourceTree = "<group>"; };
		E9F0EEC3226878DC00FAA7A9 /* TestTwoUITests.xctest */ = {isa = PBXFileReference; explicitFileType = wrapper.cfbundle; includeInIndex = 0; path = TestTwoUITests.xctest; sourceTree = BUILT_PRODUCTS_DIR; };
		E9F0EEC7226878DC00FAA7A9 /* TestTwoUITests.m */ = {isa = PBXFileReference; lastKnownFileType = sourcecode.c.objc; path = TestTwoUITests.m; sourceTree = "<group>"; };
		E9F0EEC9226878DC00FAA7A9 /* Info.plist */ = {isa = PBXFileReference; lastKnownFileType = text.plist.xml; path = Info.plist; sourceTree = "<group>"; };
		E9F0EED522687ECE00FAA7A9 /* Flutter.framework */ = {isa = PBXFileReference; lastKnownFileType = wrapper.framework; name = Flutter.framework; path = Frameworks/engine/Flutter.framework; sourceTree = "<group>"; };
		E9F0EED922687FFF00FAA7A9 /* App.framework */ = {isa = PBXFileReference; lastKnownFileType = wrapper.framework; name = App.framework; path = Frameworks/App/App.framework; sourceTree = "<group>"; };
/* End PBXFileReference section */

/* Begin PBXFrameworksBuildPhase section */
		E9F0EE9D226878DB00FAA7A9 /* Frameworks */ = {
			isa = PBXFrameworksBuildPhase;
			buildActionMask = 2147483647;
			files = (
				E9F0EEDD226885B700FAA7A9 /* Flutter.framework in Frameworks */,
				E9F0EEDA2268800200FAA7A9 /* App.framework in Frameworks */,
				8D87E3805C74D76D8675E779 /* Pods_TestTwo.framework in Frameworks */,
			);
			runOnlyForDeploymentPostprocessing = 0;
		};
		E9F0EEB5226878DC00FAA7A9 /* Frameworks */ = {
			isa = PBXFrameworksBuildPhase;
			buildActionMask = 2147483647;
			files = (
				789E0F1B9AFDFAE31B6B33D0 /* Pods_TestTwoTests.framework in Frameworks */,
			);
			runOnlyForDeploymentPostprocessing = 0;
		};
		E9F0EEC0226878DC00FAA7A9 /* Frameworks */ = {
			isa = PBXFrameworksBuildPhase;
			buildActionMask = 2147483647;
			files = (
				2C097272537DF35BF7C27356 /* Pods_TestTwoUITests.framework in Frameworks */,
			);
			runOnlyForDeploymentPostprocessing = 0;
		};
/* End PBXFrameworksBuildPhase section */

/* Begin PBXGroup section */
		6CE7E28399D45ED24B9C2132 /* Pods */ = {
			isa = PBXGroup;
			children = (
				27B49EBEAFBE3040AD07CCAD /* Pods-TestTwo.debug.xcconfig */,
				AAE9B22161685F060F42A135 /* Pods-TestTwo.release.xcconfig */,
				8F7D54DD57A4F83D2EA47E00 /* Pods-TestTwoTests.debug.xcconfig */,
				A88F35C756B80316139C5403 /* Pods-TestTwoTests.release.xcconfig */,
				8A51D9A59D775D7E94D93FCF /* Pods-TestTwoUITests.debug.xcconfig */,
				413BDE29754E5BBD1843E22C /* Pods-TestTwoUITests.release.xcconfig */,
			);
			path = Pods;
			sourceTree = "<group>";
		};
		7FEADA3F7C6C5F0677F6F4D6 /* Frameworks */ = {
			isa = PBXGroup;
			children = (
				A7A000CC41E921E320E71461 /* Pods_TestTwo.framework */,
				917D52DE33B156F3F9596E6D /* Pods_TestTwoTests.framework */,
				D915A6DD197A486A04C1A887 /* Pods_TestTwoUITests.framework */,
			);
			name = Frameworks;
			sourceTree = "<group>";
		};
		E9F0EE97226878DB00FAA7A9 = {
			isa = PBXGroup;
			children = (
				E9F0EED922687FFF00FAA7A9 /* App.framework */,
				E9F0EED522687ECE00FAA7A9 /* Flutter.framework */,
				E9F0EEA2226878DB00FAA7A9 /* TestTwo */,
				E9F0EEBB226878DC00FAA7A9 /* TestTwoTests */,
				E9F0EEC6226878DC00FAA7A9 /* TestTwoUITests */,
				E9F0EEA1226878DB00FAA7A9 /* Products */,
				6CE7E28399D45ED24B9C2132 /* Pods */,
				7FEADA3F7C6C5F0677F6F4D6 /* Frameworks */,
			);
			sourceTree = "<group>";
		};
		E9F0EEA1226878DB00FAA7A9 /* Products */ = {
			isa = PBXGroup;
			children = (
				E9F0EEA0226878DB00FAA7A9 /* TestTwo.app */,
				E9F0EEB8226878DC00FAA7A9 /* TestTwoTests.xctest */,
				E9F0EEC3226878DC00FAA7A9 /* TestTwoUITests.xctest */,
			);
			name = Products;
			sourceTree = "<group>";
		};
		E9F0EEA2226878DB00FAA7A9 /* TestTwo */ = {
			isa = PBXGroup;
			children = (
				E9F0EEA3226878DB00FAA7A9 /* AppDelegate.h */,
				E9F0EEA4226878DB00FAA7A9 /* AppDelegate.m */,
				E9F0EEA6226878DB00FAA7A9 /* ViewController.h */,
				E9F0EEA7226878DB00FAA7A9 /* ViewController.m */,
				E9F0EEA9226878DB00FAA7A9 /* Main.storyboard */,
				E9F0EEAC226878DC00FAA7A9 /* Assets.xcassets */,
				E9F0EEAE226878DC00FAA7A9 /* LaunchScreen.storyboard */,
				E9F0EEB1226878DC00FAA7A9 /* Info.plist */,
				E9F0EEB2226878DC00FAA7A9 /* main.m */,
			);
			path = TestTwo;
			sourceTree = "<group>";
		};
		E9F0EEBB226878DC00FAA7A9 /* TestTwoTests */ = {
			isa = PBXGroup;
			children = (
				E9F0EEBC226878DC00FAA7A9 /* TestTwoTests.m */,
				E9F0EEBE226878DC00FAA7A9 /* Info.plist */,
			);
			path = TestTwoTests;
			sourceTree = "<group>";
		};
		E9F0EEC6226878DC00FAA7A9 /* TestTwoUITests */ = {
			isa = PBXGroup;
			children = (
				E9F0EEC7226878DC00FAA7A9 /* TestTwoUITests.m */,
				E9F0EEC9226878DC00FAA7A9 /* Info.plist */,
			);
			path = TestTwoUITests;
			sourceTree = "<group>";
		};
/* End PBXGroup section */

/* Begin PBXNativeTarget section */
		E9F0EE9F226878DB00FAA7A9 /* TestTwo */ = {
			isa = PBXNativeTarget;
			buildConfigurationList = E9F0EECC226878DC00FAA7A9 /* Build configuration list for PBXNativeTarget "TestTwo" */;
			buildPhases = (
				614BEF9F3C288FC39AACBBA2 /* [CP] Check Pods Manifest.lock */,
				E9F0EE9C226878DB00FAA7A9 /* Sources */,
				E9F0EE9D226878DB00FAA7A9 /* Frameworks */,
				E9F0EE9E226878DB00FAA7A9 /* Resources */,
				E9F0EED822687EDB00FAA7A9 /* Embed Frameworks */,
				E9F0EEDC226883BF00FAA7A9 /* CopyFiles */,
				1CBD3BC2CF0ADAC87AD6333E /* [CP] Embed Pods Frameworks */,
			);
			buildRules = (
			);
			dependencies = (
			);
			name = TestTwo;
			productName = TestTwo;
			productReference = E9F0EEA0226878DB00FAA7A9 /* TestTwo.app */;
			productType = "com.apple.product-type.application";
		};
		E9F0EEB7226878DC00FAA7A9 /* TestTwoTests */ = {
			isa = PBXNativeTarget;
			buildConfigurationList = E9F0EECF226878DC00FAA7A9 /* Build configuration list for PBXNativeTarget "TestTwoTests" */;
			buildPhases = (
				ABEAF23D13D8269B9B796769 /* [CP] Check Pods Manifest.lock */,
				E9F0EEB4226878DC00FAA7A9 /* Sources */,
				E9F0EEB5226878DC00FAA7A9 /* Frameworks */,
				E9F0EEB6226878DC00FAA7A9 /* Resources */,
			);
			buildRules = (
			);
			dependencies = (
				E9F0EEBA226878DC00FAA7A9 /* PBXTargetDependency */,
			);
			name = TestTwoTests;
			productName = TestTwoTests;
			productReference = E9F0EEB8226878DC00FAA7A9 /* TestTwoTests.xctest */;
			productType = "com.apple.product-type.bundle.unit-test";
		};
		E9F0EEC2226878DC00FAA7A9 /* TestTwoUITests */ = {
			isa = PBXNativeTarget;
			buildConfigurationList = E9F0EED2226878DC00FAA7A9 /* Build configuration list for PBXNativeTarget "TestTwoUITests" */;
			buildPhases = (
				94E0435AFC317C5688E2C369 /* [CP] Check Pods Manifest.lock */,
				E9F0EEBF226878DC00FAA7A9 /* Sources */,
				E9F0EEC0226878DC00FAA7A9 /* Frameworks */,
				E9F0EEC1226878DC00FAA7A9 /* Resources */,
			);
			buildRules = (
			);
			dependencies = (
				E9F0EEC5226878DC00FAA7A9 /* PBXTargetDependency */,
			);
			name = TestTwoUITests;
			productName = TestTwoUITests;
			productReference = E9F0EEC3226878DC00FAA7A9 /* TestTwoUITests.xctest */;
			productType = "com.apple.product-type.bundle.ui-testing";
		};
/* End PBXNativeTarget section */

/* Begin PBXProject section */
		E9F0EE98226878DB00FAA7A9 /* Project object */ = {
			isa = PBXProject;
			attributes = {
				LastUpgradeCheck = 1010;
				ORGANIZATIONNAME = qqzhao;
				TargetAttributes = {
					E9F0EE9F226878DB00FAA7A9 = {
						CreatedOnToolsVersion = 10.1;
					};
					E9F0EEB7226878DC00FAA7A9 = {
						CreatedOnToolsVersion = 10.1;
						TestTargetID = E9F0EE9F226878DB00FAA7A9;
					};
					E9F0EEC2226878DC00FAA7A9 = {
						CreatedOnToolsVersion = 10.1;
						TestTargetID = E9F0EE9F226878DB00FAA7A9;
					};
				};
			};
			buildConfigurationList = E9F0EE9B226878DB00FAA7A9 /* Build configuration list for PBXProject "TestTwo" */;
			compatibilityVersion = "Xcode 9.3";
			developmentRegion = en;
			hasScannedForEncodings = 0;
			knownRegions = (
				en,
				Base,
			);
			mainGroup = E9F0EE97226878DB00FAA7A9;
			productRefGroup = E9F0EEA1226878DB00FAA7A9 /* Products */;
			projectDirPath = "";
			projectRoot = "";
			targets = (
				E9F0EE9F226878DB00FAA7A9 /* TestTwo */,
				E9F0EEB7226878DC00FAA7A9 /* TestTwoTests */,
				E9F0EEC2226878DC00FAA7A9 /* TestTwoUITests */,
			);
		};
/* End PBXProject section */

/* Begin PBXResourcesBuildPhase section */
		E9F0EE9E226878DB00FAA7A9 /* Resources */ = {
			isa = PBXResourcesBuildPhase;
			buildActionMask = 2147483647;
			files = (
				E9F0EEB0226878DC00FAA7A9 /* LaunchScreen.storyboard in Resources */,
				E9F0EEAD226878DC00FAA7A9 /* Assets.xcassets in Resources */,
				E9F0EEAB226878DB00FAA7A9 /* Main.storyboard in Resources */,
			);
			runOnlyForDeploymentPostprocessing = 0;
		};
		E9F0EEB6226878DC00FAA7A9 /* Resources */ = {
			isa = PBXResourcesBuildPhase;
			buildActionMask = 2147483647;
			files = (
			);
			runOnlyForDeploymentPostprocessing = 0;
		};
		E9F0EEC1226878DC00FAA7A9 /* Resources */ = {
			isa = PBXResourcesBuildPhase;
			buildActionMask = 2147483647;
			files = (
			);
			runOnlyForDeploymentPostprocessing = 0;
		};
/* End PBXResourcesBuildPhase section */

/* Begin PBXShellScriptBuildPhase section */
		1CBD3BC2CF0ADAC87AD6333E /* [CP] Embed Pods Frameworks */ = {
			isa = PBXShellScriptBuildPhase;
			buildActionMask = 2147483647;
			files = (
			);
			inputFileListPaths = (
			);
			inputPaths = (
				"${PODS_ROOT}/Target Support Files/Pods-TestTwo/Pods-TestTwo-frameworks.sh",
				"${PODS_ROOT}/../Frameworks/App/App.framework",
				"${PODS_ROOT}/../Frameworks/engine/Flutter.framework",
			);
			name = "[CP] Embed Pods Frameworks";
			outputFileListPaths = (
			);
			outputPaths = (
				"${TARGET_BUILD_DIR}/${FRAMEWORKS_FOLDER_PATH}/App.framework",
				"${TARGET_BUILD_DIR}/${FRAMEWORKS_FOLDER_PATH}/Flutter.framework",
			);
			runOnlyForDeploymentPostprocessing = 0;
			shellPath = /bin/sh;
			shellScript = "\"${PODS_ROOT}/Target Support Files/Pods-TestTwo/Pods-TestTwo-frameworks.sh\"\n";
			showEnvVarsInLog = 0;
		};
		614BEF9F3C288FC39AACBBA2 /* [CP] Check Pods Manifest.lock */ = {
			isa = PBXShellScriptBuildPhase;
			buildActionMask = 2147483647;
			files = (
			);
			inputFileListPaths = (
			);
			inputPaths = (
				"${PODS_PODFILE_DIR_PATH}/Podfile.lock",
				"${PODS_ROOT}/Manifest.lock",
			);
			name = "[CP] Check Pods Manifest.lock";
			outputFileListPaths = (
			);
			outputPaths = (
				"$(DERIVED_FILE_DIR)/Pods-TestTwo-checkManifestLockResult.txt",
			);
			runOnlyForDeploymentPostprocessing = 0;
			shellPath = /bin/sh;
			shellScript = "diff \"${PODS_PODFILE_DIR_PATH}/Podfile.lock\" \"${PODS_ROOT}/Manifest.lock\" > /dev/null\nif [ $? != 0 ] ; then\n    # print error to STDERR\n    echo \"error: The sandbox is not in sync with the Podfile.lock. Run 'pod install' or update your CocoaPods installation.\" >&2\n    exit 1\nfi\n# This output is used by Xcode 'outputs' to avoid re-running this script phase.\necho \"SUCCESS\" > \"${SCRIPT_OUTPUT_FILE_0}\"\n";
			showEnvVarsInLog = 0;
		};
		94E0435AFC317C5688E2C369 /* [CP] Check Pods Manifest.lock */ = {
			isa = PBXShellScriptBuildPhase;
			buildActionMask = 2147483647;
			files = (
			);
			inputFileListPaths = (
			);
			inputPaths = (
				"${PODS_PODFILE_DIR_PATH}/Podfile.lock",
				"${PODS_ROOT}/Manifest.lock",
			);
			name = "[CP] Check Pods Manifest.lock";
			outputFileListPaths = (
			);
			outputPaths = (
				"$(DERIVED_FILE_DIR)/Pods-TestTwoUITests-checkManifestLockResult.txt",
			);
			runOnlyForDeploymentPostprocessing = 0;
			shellPath = /bin/sh;
			shellScript = "diff \"${PODS_PODFILE_DIR_PATH}/Podfile.lock\" \"${PODS_ROOT}/Manifest.lock\" > /dev/null\nif [ $? != 0 ] ; then\n    # print error to STDERR\n    echo \"error: The sandbox is not in sync with the Podfile.lock. Run 'pod install' or update your CocoaPods installation.\" >&2\n    exit 1\nfi\n# This output is used by Xcode 'outputs' to avoid re-running this script phase.\necho \"SUCCESS\" > \"${SCRIPT_OUTPUT_FILE_0}\"\n";
			showEnvVarsInLog = 0;
		};
		ABEAF23D13D8269B9B796769 /* [CP] Check Pods Manifest.lock */ = {
			isa = PBXShellScriptBuildPhase;
			buildActionMask = 2147483647;
			files = (
			);
			inputFileListPaths = (
			);
			inputPaths = (
				"${PODS_PODFILE_DIR_PATH}/Podfile.lock",
				"${PODS_ROOT}/Manifest.lock",
			);
			name = "[CP] Check Pods Manifest.lock";
			outputFileListPaths = (
			);
			outputPaths = (
				"$(DERIVED_FILE_DIR)/Pods-TestTwoTests-checkManifestLockResult.txt",
			);
			runOnlyForDeploymentPostprocessing = 0;
			shellPath = /bin/sh;
			shellScript = "diff \"${PODS_PODFILE_DIR_PATH}/Podfile.lock\" \"${PODS_ROOT}/Manifest.lock\" > /dev/null\nif [ $? != 0 ] ; then\n    # print error to STDERR\n    echo \"error: The sandbox is not in sync with the Podfile.lock. Run 'pod install' or update your CocoaPods installation.\" >&2\n    exit 1\nfi\n# This output is used by Xcode 'outputs' to avoid re-running this script phase.\necho \"SUCCESS\" > \"${SCRIPT_OUTPUT_FILE_0}\"\n";
			showEnvVarsInLog = 0;
		};
/* End PBXShellScriptBuildPhase section */

/* Begin PBXSourcesBuildPhase section */
		E9F0EE9C226878DB00FAA7A9 /* Sources */ = {
			isa = PBXSourcesBuildPhase;
			buildActionMask = 2147483647;
			files = (
				E9F0EEA8226878DB00FAA7A9 /* ViewController.m in Sources */,
				E9F0EEB3226878DC00FAA7A9 /* main.m in Sources */,
				E9F0EEA5226878DB00FAA7A9 /* AppDelegate.m in Sources */,
			);
			runOnlyForDeploymentPostprocessing = 0;
		};
		E9F0EEB4226878DC00FAA7A9 /* Sources */ = {
			isa = PBXSourcesBuildPhase;
			buildActionMask = 2147483647;
			files = (
				E9F0EEBD226878DC00FAA7A9 /* TestTwoTests.m in Sources */,
			);
			runOnlyForDeploymentPostprocessing = 0;
		};
		E9F0EEBF226878DC00FAA7A9 /* Sources */ = {
			isa = PBXSourcesBuildPhase;
			buildActionMask = 2147483647;
			files = (
				E9F0EEC8226878DC00FAA7A9 /* TestTwoUITests.m in Sources */,
			);
			runOnlyForDeploymentPostprocessing = 0;
		};
/* End PBXSourcesBuildPhase section */

/* Begin PBXTargetDependency section */
		E9F0EEBA226878DC00FAA7A9 /* PBXTargetDependency */ = {
			isa = PBXTargetDependency;
			target = E9F0EE9F226878DB00FAA7A9 /* TestTwo */;
			targetProxy = E9F0EEB9226878DC00FAA7A9 /* PBXContainerItemProxy */;
		};
		E9F0EEC5226878DC00FAA7A9 /* PBXTargetDependency */ = {
			isa = PBXTargetDependency;
			target = E9F0EE9F226878DB00FAA7A9 /* TestTwo */;
			targetProxy = E9F0EEC4226878DC00FAA7A9 /* PBXContainerItemProxy */;
		};
/* End PBXTargetDependency section */

/* Begin PBXVariantGroup section */
		E9F0EEA9226878DB00FAA7A9 /* Main.storyboard */ = {
			isa = PBXVariantGroup;
			children = (
				E9F0EEAA226878DB00FAA7A9 /* Base */,
			);
			name = Main.storyboard;
			sourceTree = "<group>";
		};
		E9F0EEAE226878DC00FAA7A9 /* LaunchScreen.storyboard */ = {
			isa = PBXVariantGroup;
			children = (
				E9F0EEAF226878DC00FAA7A9 /* Base */,
			);
			name = LaunchScreen.storyboard;
			sourceTree = "<group>";
		};
/* End PBXVariantGroup section */

/* Begin XCBuildConfiguration section */
		E9F0EECA226878DC00FAA7A9 /* Debug */ = {
			isa = XCBuildConfiguration;
			buildSettings = {
				ALWAYS_SEARCH_USER_PATHS = NO;
				CLANG_ANALYZER_NONNULL = YES;
				CLANG_ANALYZER_NUMBER_OBJECT_CONVERSION = YES_AGGRESSIVE;
				CLANG_CXX_LANGUAGE_STANDARD = "gnu++14";
				CLANG_CXX_LIBRARY = "libc++";
				CLANG_ENABLE_MODULES = YES;
				CLANG_ENABLE_OBJC_ARC = YES;
				CLANG_ENABLE_OBJC_WEAK = YES;
				CLANG_WARN_BLOCK_CAPTURE_AUTORELEASING = YES;
				CLANG_WARN_BOOL_CONVERSION = YES;
				CLANG_WARN_COMMA = YES;
				CLANG_WARN_CONSTANT_CONVERSION = YES;
				CLANG_WARN_DEPRECATED_OBJC_IMPLEMENTATIONS = YES;
				CLANG_WARN_DIRECT_OBJC_ISA_USAGE = YES_ERROR;
				CLANG_WARN_DOCUMENTATION_COMMENTS = YES;
				CLANG_WARN_EMPTY_BODY = YES;
				CLANG_WARN_ENUM_CONVERSION = YES;
				CLANG_WARN_INFINITE_RECURSION = YES;
				CLANG_WARN_INT_CONVERSION = YES;
				CLANG_WARN_NON_LITERAL_NULL_CONVERSION = YES;
				CLANG_WARN_OBJC_IMPLICIT_RETAIN_SELF = YES;
				CLANG_WARN_OBJC_LITERAL_CONVERSION = YES;
				CLANG_WARN_OBJC_ROOT_CLASS = YES_ERROR;
				CLANG_WARN_RANGE_LOOP_ANALYSIS = YES;
				CLANG_WARN_STRICT_PROTOTYPES = YES;
				CLANG_WARN_SUSPICIOUS_MOVE = YES;
				CLANG_WARN_UNGUARDED_AVAILABILITY = YES_AGGRESSIVE;
				CLANG_WARN_UNREACHABLE_CODE = YES;
				CLANG_WARN__DUPLICATE_METHOD_MATCH = YES;
				CODE_SIGN_IDENTITY = "iPhone Developer";
				COPY_PHASE_STRIP = NO;
				DEBUG_INFORMATION_FORMAT = dwarf;
				ENABLE_STRICT_OBJC_MSGSEND = YES;
				ENABLE_TESTABILITY = YES;
				GCC_C_LANGUAGE_STANDARD = gnu11;
				GCC_DYNAMIC_NO_PIC = NO;
				GCC_NO_COMMON_BLOCKS = YES;
				GCC_OPTIMIZATION_LEVEL = 0;
				GCC_PREPROCESSOR_DEFINITIONS = (
					"DEBUG=1",
					"$(inherited)",
				);
				GCC_WARN_64_TO_32_BIT_CONVERSION = YES;
				GCC_WARN_ABOUT_RETURN_TYPE = YES_ERROR;
				GCC_WARN_UNDECLARED_SELECTOR = YES;
				GCC_WARN_UNINITIALIZED_AUTOS = YES_AGGRESSIVE;
				GCC_WARN_UNUSED_FUNCTION = YES;
				GCC_WARN_UNUSED_VARIABLE = YES;
				IPHONEOS_DEPLOYMENT_TARGET = 12.1;
				MTL_ENABLE_DEBUG_INFO = INCLUDE_SOURCE;
				MTL_FAST_MATH = YES;
				ONLY_ACTIVE_ARCH = YES;
				SDKROOT = iphoneos;
			};
			name = Debug;
		};
		E9F0EECB226878DC00FAA7A9 /* Release */ = {
			isa = XCBuildConfiguration;
			buildSettings = {
				ALWAYS_SEARCH_USER_PATHS = NO;
				CLANG_ANALYZER_NONNULL = YES;
				CLANG_ANALYZER_NUMBER_OBJECT_CONVERSION = YES_AGGRESSIVE;
				CLANG_CXX_LANGUAGE_STANDARD = "gnu++14";
				CLANG_CXX_LIBRARY = "libc++";
				CLANG_ENABLE_MODULES = YES;
				CLANG_ENABLE_OBJC_ARC = YES;
				CLANG_ENABLE_OBJC_WEAK = YES;
				CLANG_WARN_BLOCK_CAPTURE_AUTORELEASING = YES;
				CLANG_WARN_BOOL_CONVERSION = YES;
				CLANG_WARN_COMMA = YES;
				CLANG_WARN_CONSTANT_CONVERSION = YES;
				CLANG_WARN_DEPRECATED_OBJC_IMPLEMENTATIONS = YES;
				CLANG_WARN_DIRECT_OBJC_ISA_USAGE = YES_ERROR;
				CLANG_WARN_DOCUMENTATION_COMMENTS = YES;
				CLANG_WARN_EMPTY_BODY = YES;
				CLANG_WARN_ENUM_CONVERSION = YES;
				CLANG_WARN_INFINITE_RECURSION = YES;
				CLANG_WARN_INT_CONVERSION = YES;
				CLANG_WARN_NON_LITERAL_NULL_CONVERSION = YES;
				CLANG_WARN_OBJC_IMPLICIT_RETAIN_SELF = YES;
				CLANG_WARN_OBJC_LITERAL_CONVERSION = YES;
				CLANG_WARN_OBJC_ROOT_CLASS = YES_ERROR;
				CLANG_WARN_RANGE_LOOP_ANALYSIS = YES;
				CLANG_WARN_STRICT_PROTOTYPES = YES;
				CLANG_WARN_SUSPICIOUS_MOVE = YES;
				CLANG_WARN_UNGUARDED_AVAILABILITY = YES_AGGRESSIVE;
				CLANG_WARN_UNREACHABLE_CODE = YES;
				CLANG_WARN__DUPLICATE_METHOD_MATCH = YES;
				CODE_SIGN_IDENTITY = "iPhone Developer";
				COPY_PHASE_STRIP = NO;
				DEBUG_INFORMATION_FORMAT = "dwarf-with-dsym";
				ENABLE_NS_ASSERTIONS = NO;
				ENABLE_STRICT_OBJC_MSGSEND = YES;
				GCC_C_LANGUAGE_STANDARD = gnu11;
				GCC_NO_COMMON_BLOCKS = YES;
				GCC_WARN_64_TO_32_BIT_CONVERSION = YES;
				GCC_WARN_ABOUT_RETURN_TYPE = YES_ERROR;
				GCC_WARN_UNDECLARED_SELECTOR = YES;
				GCC_WARN_UNINITIALIZED_AUTOS = YES_AGGRESSIVE;
				GCC_WARN_UNUSED_FUNCTION = YES;
				GCC_WARN_UNUSED_VARIABLE = YES;
				IPHONEOS_DEPLOYMENT_TARGET = 12.1;
				MTL_ENABLE_DEBUG_INFO = NO;
				MTL_FAST_MATH = YES;
				SDKROOT = iphoneos;
				VALIDATE_PRODUCT = YES;
			};
			name = Release;
		};
		E9F0EECD226878DC00FAA7A9 /* Debug */ = {
			isa = XCBuildConfiguration;
			baseConfigurationReference = 27B49EBEAFBE3040AD07CCAD /* Pods-TestTwo.debug.xcconfig */;
			buildSettings = {
				ASSETCATALOG_COMPILER_APPICON_NAME = AppIcon;
				CODE_SIGN_STYLE = Automatic;
				FRAMEWORK_SEARCH_PATHS = (
					"$(inherited)",
					"$(PROJECT_DIR)/Frameworks/engine",
					"$(PROJECT_DIR)/Frameworks/App",
				);
				INFOPLIST_FILE = TestTwo/Info.plist;
				LD_RUNPATH_SEARCH_PATHS = (
					"$(inherited)",
					"@executable_path/Frameworks",
				);
				OTHER_LDFLAGS = (
					"$(inherited)",
					"-ObjC",
					"-framework",
					"\"App\"",
					"-framework",
					"\"Flutter\"",
				);
				PRODUCT_BUNDLE_IDENTIFIER = qqzhaoId.TestTwo;
				PRODUCT_NAME = "$(TARGET_NAME)";
				TARGETED_DEVICE_FAMILY = "1,2";
			};
			name = Debug;
		};
		E9F0EECE226878DC00FAA7A9 /* Release */ = {
			isa = XCBuildConfiguration;
			baseConfigurationReference = AAE9B22161685F060F42A135 /* Pods-TestTwo.release.xcconfig */;
			buildSettings = {
				ASSETCATALOG_COMPILER_APPICON_NAME = AppIcon;
				CODE_SIGN_STYLE = Automatic;
				FRAMEWORK_SEARCH_PATHS = (
					"$(inherited)",
					"$(PROJECT_DIR)/Frameworks/engine",
					"$(PROJECT_DIR)/Frameworks/App",
				);
				INFOPLIST_FILE = TestTwo/Info.plist;
				LD_RUNPATH_SEARCH_PATHS = (
					"$(inherited)",
					"@executable_path/Frameworks",
				);
				OTHER_LDFLAGS = (
					"$(inherited)",
					"-ObjC",
					"-framework",
					"\"App\"",
					"-framework",
					"\"Flutter\"",
				);
				PRODUCT_BUNDLE_IDENTIFIER = qqzhaoId.TestTwo;
				PRODUCT_NAME = "$(TARGET_NAME)";
				TARGETED_DEVICE_FAMILY = "1,2";
			};
			name = Release;
		};
		E9F0EED0226878DC00FAA7A9 /* Debug */ = {
			isa = XCBuildConfiguration;
			baseConfigurationReference = 8F7D54DD57A4F83D2EA47E00 /* Pods-TestTwoTests.debug.xcconfig */;
			buildSettings = {
				BUNDLE_LOADER = "$(TEST_HOST)";
				CODE_SIGN_STYLE = Automatic;
				INFOPLIST_FILE = TestTwoTests/Info.plist;
				LD_RUNPATH_SEARCH_PATHS = (
					"$(inherited)",
					"@executable_path/Frameworks",
					"@loader_path/Frameworks",
				);
				PRODUCT_BUNDLE_IDENTIFIER = qqzhaoId.TestTwoTests;
				PRODUCT_NAME = "$(TARGET_NAME)";
				TARGETED_DEVICE_FAMILY = "1,2";
				TEST_HOST = "$(BUILT_PRODUCTS_DIR)/TestTwo.app/TestTwo";
			};
			name = Debug;
		};
		E9F0EED1226878DC00FAA7A9 /* Release */ = {
			isa = XCBuildConfiguration;
			baseConfigurationReference = A88F35C756B80316139C5403 /* Pods-TestTwoTests.release.xcconfig */;
			buildSettings = {
				BUNDLE_LOADER = "$(TEST_HOST)";
				CODE_SIGN_STYLE = Automatic;
				INFOPLIST_FILE = TestTwoTests/Info.plist;
				LD_RUNPATH_SEARCH_PATHS = (
					"$(inherited)",
					"@executable_path/Frameworks",
					"@loader_path/Frameworks",
				);
				PRODUCT_BUNDLE_IDENTIFIER = qqzhaoId.TestTwoTests;
				PRODUCT_NAME = "$(TARGET_NAME)";
				TARGETED_DEVICE_FAMILY = "1,2";
				TEST_HOST = "$(BUILT_PRODUCTS_DIR)/TestTwo.app/TestTwo";
			};
			name = Release;
		};
		E9F0EED3226878DC00FAA7A9 /* Debug */ = {
			isa = XCBuildConfiguration;
			baseConfigurationReference = 8A51D9A59D775D7E94D93FCF /* Pods-TestTwoUITests.debug.xcconfig */;
			buildSettings = {
				CODE_SIGN_STYLE = Automatic;
				INFOPLIST_FILE = TestTwoUITests/Info.plist;
				LD_RUNPATH_SEARCH_PATHS = (
					"$(inherited)",
					"@executable_path/Frameworks",
					"@loader_path/Frameworks",
				);
				PRODUCT_BUNDLE_IDENTIFIER = qqzhaoId.TestTwoUITests;
				PRODUCT_NAME = "$(TARGET_NAME)";
				TARGETED_DEVICE_FAMILY = "1,2";
				TEST_TARGET_NAME = TestTwo;
			};
			name = Debug;
		};
		E9F0EED4226878DC00FAA7A9 /* Release */ = {
			isa = XCBuildConfiguration;
			baseConfigurationReference = 413BDE29754E5BBD1843E22C /* Pods-TestTwoUITests.release.xcconfig */;
			buildSettings = {
				CODE_SIGN_STYLE = Automatic;
				INFOPLIST_FILE = TestTwoUITests/Info.plist;
				LD_RUNPATH_SEARCH_PATHS = (
					"$(inherited)",
					"@executable_path/Frameworks",
					"@loader_path/Frameworks",
				);
				PRODUCT_BUNDLE_IDENTIFIER = qqzhaoId.TestTwoUITests;
				PRODUCT_NAME = "$(TARGET_NAME)";
				TARGETED_DEVICE_FAMILY = "1,2";
				TEST_TARGET_NAME = TestTwo;
			};
			name = Release;
		};
/* End XCBuildConfiguration section */

/* Begin XCConfigurationList section */
		E9F0EE9B226878DB00FAA7A9 /* Build configuration list for PBXProject "TestTwo" */ = {
			isa = XCConfigurationList;
			buildConfigurations = (
				E9F0EECA226878DC00FAA7A9 /* Debug */,
				E9F0EECB226878DC00FAA7A9 /* Release */,
			);
			defaultConfigurationIsVisible = 0;
			defaultConfigurationName = Release;
		};
		E9F0EECC226878DC00FAA7A9 /* Build configuration list for PBXNativeTarget "TestTwo" */ = {
			isa = XCConfigurationList;
			buildConfigurations = (
				E9F0EECD226878DC00FAA7A9 /* Debug */,
				E9F0EECE226878DC00FAA7A9 /* Release */,
			);
			defaultConfigurationIsVisible = 0;
			defaultConfigurationName = Release;
		};
		E9F0EECF226878DC00FAA7A9 /* Build configuration list for PBXNativeTarget "TestTwoTests" */ = {
			isa = XCConfigurationList;
			buildConfigurations = (
				E9F0EED0226878DC00FAA7A9 /* Debug */,
				E9F0EED1226878DC00FAA7A9 /* Release */,
			);
			defaultConfigurationIsVisible = 0;
			defaultConfigurationName = Release;
		};
		E9F0EED2226878DC00FAA7A9 /* Build configuration list for PBXNativeTarget "TestTwoUITests" */ = {
			isa = XCConfigurationList;
			buildConfigurations = (
				E9F0EED3226878DC00FAA7A9 /* Debug */,
				E9F0EED4226878DC00FAA7A9 /* Release */,
			);
			defaultConfigurationIsVisible = 0;
			defaultConfigurationName = Release;
		};
/* End XCConfigurationList section */
	};
	rootObject = E9F0EE98226878DB00FAA7A9 /* Project object */;
}
