// !$*UTF8*$!
{
	archiveVersion = 1;
	classes = {
	};
	objectVersion = 50;
	objects = {

/* Begin PBXBuildFile section */
		6A48564ED96C5A8C5810CC8E /* libPods-TestOne.a in Frameworks */ = {isa = PBXBuildFile; fileRef = C2AE055EDEB933C2365F9050 /* libPods-TestOne.a */; };
		78CAAC8F22677B2400C49AC5 /* AppDelegate.m in Sources */ = {isa = PBXBuildFile; fileRef = 78CAAC8E22677B2400C49AC5 /* AppDelegate.m */; };
		78CAAC9222677B2400C49AC5 /* ViewController.m in Sources */ = {isa = PBXBuildFile; fileRef = 78CAAC9122677B2400C49AC5 /* ViewController.m */; };
		78CAAC9522677B2400C49AC5 /* Main.storyboard in Resources */ = {isa = PBXBuildFile; fileRef = 78CAAC9322677B2400C49AC5 /* Main.storyboard */; };
		78CAAC9722677B2500C49AC5 /* Assets.xcassets in Resources */ = {isa = PBXBuildFile; fileRef = 78CAAC9622677B2500C49AC5 /* Assets.xcassets */; };
		78CAAC9A22677B2500C49AC5 /* LaunchScreen.storyboard in Resources */ = {isa = PBXBuildFile; fileRef = 78CAAC9822677B2500C49AC5 /* LaunchScreen.storyboard */; };
		78CAAC9D22677B2500C49AC5 /* main.m in Sources */ = {isa = PBXBuildFile; fileRef = 78CAAC9C22677B2500C49AC5 /* main.m */; };
/* End PBXBuildFile section */

/* Begin PBXFileReference section */
		4B962D3799203464C5E59756 /* Pods-TestOne.debug.xcconfig */ = {isa = PBXFileReference; includeInIndex = 1; lastKnownFileType = text.xcconfig; name = "Pods-TestOne.debug.xcconfig"; path = "Pods/Target Support Files/Pods-TestOne/Pods-TestOne.debug.xcconfig"; sourceTree = "<group>"; };
		78CAAC8A22677B2400C49AC5 /* TestOne.app */ = {isa = PBXFileReference; explicitFileType = wrapper.application; includeInIndex = 0; path = TestOne.app; sourceTree = BUILT_PRODUCTS_DIR; };
		78CAAC8D22677B2400C49AC5 /* AppDelegate.h */ = {isa = PBXFileReference; lastKnownFileType = sourcecode.c.h; path = AppDelegate.h; sourceTree = "<group>"; };
		78CAAC8E22677B2400C49AC5 /* AppDelegate.m */ = {isa = PBXFileReference; lastKnownFileType = sourcecode.c.objc; path = AppDelegate.m; sourceTree = "<group>"; };
		78CAAC9022677B2400C49AC5 /* ViewController.h */ = {isa = PBXFileReference; lastKnownFileType = sourcecode.c.h; path = ViewController.h; sourceTree = "<group>"; };
		78CAAC9122677B2400C49AC5 /* ViewController.m */ = {isa = PBXFileReference; lastKnownFileType = sourcecode.c.objc; path = ViewController.m; sourceTree = "<group>"; };
		78CAAC9422677B2400C49AC5 /* Base */ = {isa = PBXFileReference; lastKnownFileType = file.storyboard; name = Base; path = Base.lproj/Main.storyboard; sourceTree = "<group>"; };
		78CAAC9622677B2500C49AC5 /* Assets.xcassets */ = {isa = PBXFileReference; lastKnownFileType = folder.assetcatalog; path = Assets.xcassets; sourceTree = "<group>"; };
		78CAAC9922677B2500C49AC5 /* Base */ = {isa = PBXFileReference; lastKnownFileType = file.storyboard; name = Base; path = Base.lproj/LaunchScreen.storyboard; sourceTree = "<group>"; };
		78CAAC9B22677B2500C49AC5 /* Info.plist */ = {isa = PBXFileReference; lastKnownFileType = text.plist.xml; path = Info.plist; sourceTree = "<group>"; };
		78CAAC9C22677B2500C49AC5 /* main.m */ = {isa = PBXFileReference; lastKnownFileType = sourcecode.c.objc; path = main.m; sourceTree = "<group>"; };
		BA5929058CB64D0EFB6C1F58 /* Pods-TestOne.release.xcconfig */ = {isa = PBXFileReference; includeInIndex = 1; lastKnownFileType = text.xcconfig; name = "Pods-TestOne.release.xcconfig"; path = "Pods/Target Support Files/Pods-TestOne/Pods-TestOne.release.xcconfig"; sourceTree = "<group>"; };
		C2AE055EDEB933C2365F9050 /* libPods-TestOne.a */ = {isa = PBXFileReference; explicitFileType = archive.ar; includeInIndex = 0; path = "libPods-TestOne.a"; sourceTree = BUILT_PRODUCTS_DIR; };
/* End PBXFileReference section */

/* Begin PBXFrameworksBuildPhase section */
		78CAAC8722677B2400C49AC5 /* Frameworks */ = {
			isa = PBXFrameworksBuildPhase;
			buildActionMask = 2147483647;
			files = (
				6A48564ED96C5A8C5810CC8E /* libPods-TestOne.a in Frameworks */,
			);
			runOnlyForDeploymentPostprocessing = 0;
		};
/* End PBXFrameworksBuildPhase section */

/* Begin PBXGroup section */
		78CAAC8122677B2400C49AC5 = {
			isa = PBXGroup;
			children = (
				78CAAC8C22677B2400C49AC5 /* TestOne */,
				78CAAC8B22677B2400C49AC5 /* Products */,
				B9E602F9B3526767E42859AA /* Pods */,
				F6FA14A46DA8451CEB7F51BC /* Frameworks */,
			);
			sourceTree = "<group>";
		};
		78CAAC8B22677B2400C49AC5 /* Products */ = {
			isa = PBXGroup;
			children = (
				78CAAC8A22677B2400C49AC5 /* TestOne.app */,
			);
			name = Products;
			sourceTree = "<group>";
		};
		78CAAC8C22677B2400C49AC5 /* TestOne */ = {
			isa = PBXGroup;
			children = (
				78CAAC8D22677B2400C49AC5 /* AppDelegate.h */,
				78CAAC8E22677B2400C49AC5 /* AppDelegate.m */,
				78CAAC9022677B2400C49AC5 /* ViewController.h */,
				78CAAC9122677B2400C49AC5 /* ViewController.m */,
				78CAAC9322677B2400C49AC5 /* Main.storyboard */,
				78CAAC9622677B2500C49AC5 /* Assets.xcassets */,
				78CAAC9822677B2500C49AC5 /* LaunchScreen.storyboard */,
				78CAAC9B22677B2500C49AC5 /* Info.plist */,
				78CAAC9C22677B2500C49AC5 /* main.m */,
			);
			path = TestOne;
			sourceTree = "<group>";
		};
		B9E602F9B3526767E42859AA /* Pods */ = {
			isa = PBXGroup;
			children = (
				4B962D3799203464C5E59756 /* Pods-TestOne.debug.xcconfig */,
				BA5929058CB64D0EFB6C1F58 /* Pods-TestOne.release.xcconfig */,
			);
			name = Pods;
			sourceTree = "<group>";
		};
		F6FA14A46DA8451CEB7F51BC /* Frameworks */ = {
			isa = PBXGroup;
			children = (
				C2AE055EDEB933C2365F9050 /* libPods-TestOne.a */,
			);
			name = Frameworks;
			sourceTree = "<group>";
		};
/* End PBXGroup section */

/* Begin PBXNativeTarget section */
		78CAAC8922677B2400C49AC5 /* TestOne */ = {
			isa = PBXNativeTarget;
			buildConfigurationList = 78CAACA022677B2500C49AC5 /* Build configuration list for PBXNativeTarget "TestOne" */;
			buildPhases = (
				60EAA7ACF99F7BEFB9DA7CA5 /* [CP] Check Pods Manifest.lock */,
				78CAAC8622677B2400C49AC5 /* Sources */,
				78CAAC8722677B2400C49AC5 /* Frameworks */,
				78CAAC8822677B2400C49AC5 /* Resources */,
				C7BB40D47F3934728658B3FD /* [CP] Embed Pods Frameworks */,
				78CAACA322677E2F00C49AC5 /* ShellScript */,
			);
			buildRules = (
			);
			dependencies = (
			);
			name = TestOne;
			productName = TestOne;
			productReference = 78CAAC8A22677B2400C49AC5 /* TestOne.app */;
			productType = "com.apple.product-type.application";
		};
/* End PBXNativeTarget section */

/* Begin PBXProject section */
		78CAAC8222677B2400C49AC5 /* Project object */ = {
			isa = PBXProject;
			attributes = {
				LastUpgradeCheck = 1010;
				ORGANIZATIONNAME = qianzhao;
				TargetAttributes = {
					78CAAC8922677B2400C49AC5 = {
						CreatedOnToolsVersion = 10.1;
					};
				};
			};
			buildConfigurationList = 78CAAC8522677B2400C49AC5 /* Build configuration list for PBXProject "TestOne" */;
			compatibilityVersion = "Xcode 9.3";
			developmentRegion = en;
			hasScannedForEncodings = 0;
			knownRegions = (
				en,
				Base,
			);
			mainGroup = 78CAAC8122677B2400C49AC5;
			productRefGroup = 78CAAC8B22677B2400C49AC5 /* Products */;
			projectDirPath = "";
			projectRoot = "";
			targets = (
				78CAAC8922677B2400C49AC5 /* TestOne */,
			);
		};
/* End PBXProject section */

/* Begin PBXResourcesBuildPhase section */
		78CAAC8822677B2400C49AC5 /* Resources */ = {
			isa = PBXResourcesBuildPhase;
			buildActionMask = 2147483647;
			files = (
				78CAAC9A22677B2500C49AC5 /* LaunchScreen.storyboard in Resources */,
				78CAAC9722677B2500C49AC5 /* Assets.xcassets in Resources */,
				78CAAC9522677B2400C49AC5 /* Main.storyboard in Resources */,
			);
			runOnlyForDeploymentPostprocessing = 0;
		};
/* End PBXResourcesBuildPhase section */

/* Begin PBXShellScriptBuildPhase section */
		60EAA7ACF99F7BEFB9DA7CA5 /* [CP] Check Pods Manifest.lock */ = {
			isa = PBXShellScriptBuildPhase;
			buildActionMask = 2147483647;
			files = (
			);
			inputPaths = (
				"${PODS_PODFILE_DIR_PATH}/Podfile.lock",
				"${PODS_ROOT}/Manifest.lock",
			);
			name = "[CP] Check Pods Manifest.lock";
			outputPaths = (
				"$(DERIVED_FILE_DIR)/Pods-TestOne-checkManifestLockResult.txt",
			);
			runOnlyForDeploymentPostprocessing = 0;
			shellPath = /bin/sh;
			shellScript = "diff \"${PODS_PODFILE_DIR_PATH}/Podfile.lock\" \"${PODS_ROOT}/Manifest.lock\" > /dev/null\nif [ $? != 0 ] ; then\n    # print error to STDERR\n    echo \"error: The sandbox is not in sync with the Podfile.lock. Run 'pod install' or update your CocoaPods installation.\" >&2\n    exit 1\nfi\n# This output is used by Xcode 'outputs' to avoid re-running this script phase.\necho \"SUCCESS\" > \"${SCRIPT_OUTPUT_FILE_0}\"\n";
			showEnvVarsInLog = 0;
		};
		78CAACA322677E2F00C49AC5 /* ShellScript */ = {
			isa = PBXShellScriptBuildPhase;
			buildActionMask = 2147483647;
			files = (
			);
			inputFileListPaths = (
			);
			inputPaths = (
			);
			outputFileListPaths = (
			);
			outputPaths = (
			);
			runOnlyForDeploymentPostprocessing = 0;
			shellPath = /bin/sh;
			shellScript = "#\"$FLUTTER_ROOT/packages/flutter_tools/bin/xcode_backend.sh\" build\n#\"$FLUTTER_ROOT/packages/flutter_tools/bin/xcode_backend.sh\" embed\n\n# 这里需要和本机flutter版本一致\n\"$PROJECT_DIR/xcode_backend.sh\" build\n\"$PROJECT_DIR/xcode_backend.sh\" embed\n";
		};
		C7BB40D47F3934728658B3FD /* [CP] Embed Pods Frameworks */ = {
			isa = PBXShellScriptBuildPhase;
			buildActionMask = 2147483647;
			files = (
			);
			inputPaths = (
				"${SRCROOT}/Pods/Target Support Files/Pods-TestOne/Pods-TestOne-frameworks.sh",
				"${PODS_ROOT}/../../my_flutter/.ios/Flutter/engine/Flutter.framework",
			);
			name = "[CP] Embed Pods Frameworks";
			outputPaths = (
				"${TARGET_BUILD_DIR}/${FRAMEWORKS_FOLDER_PATH}/Flutter.framework",
			);
			runOnlyForDeploymentPostprocessing = 0;
			shellPath = /bin/sh;
			shellScript = "\"${SRCROOT}/Pods/Target Support Files/Pods-TestOne/Pods-TestOne-frameworks.sh\"\n";
			showEnvVarsInLog = 0;
		};
/* End PBXShellScriptBuildPhase section */

/* Begin PBXSourcesBuildPhase section */
		78CAAC8622677B2400C49AC5 /* Sources */ = {
			isa = PBXSourcesBuildPhase;
			buildActionMask = 2147483647;
			files = (
				78CAAC9222677B2400C49AC5 /* ViewController.m in Sources */,
				78CAAC9D22677B2500C49AC5 /* main.m in Sources */,
				78CAAC8F22677B2400C49AC5 /* AppDelegate.m in Sources */,
			);
			runOnlyForDeploymentPostprocessing = 0;
		};
/* End PBXSourcesBuildPhase section */

/* Begin PBXVariantGroup section */
		78CAAC9322677B2400C49AC5 /* Main.storyboard */ = {
			isa = PBXVariantGroup;
			children = (
				78CAAC9422677B2400C49AC5 /* Base */,
			);
			name = Main.storyboard;
			sourceTree = "<group>";
		};
		78CAAC9822677B2500C49AC5 /* LaunchScreen.storyboard */ = {
			isa = PBXVariantGroup;
			children = (
				78CAAC9922677B2500C49AC5 /* Base */,
			);
			name = LaunchScreen.storyboard;
			sourceTree = "<group>";
		};
/* End PBXVariantGroup section */

/* Begin XCBuildConfiguration section */
		78CAAC9E22677B2500C49AC5 /* Debug */ = {
			isa = XCBuildConfiguration;
			buildSettings = {
				ALWAYS_SEARCH_USER_PATHS = NO;
				CLANG_ANALYZER_NONNULL = YES;
				CLANG_ANALYZER_NUMBER_OBJECT_CONVERSION = YES_AGGRESSIVE;
				CLANG_CXX_LANGUAGE_STANDARD = "gnu++14";
				CLANG_CXX_LIBRARY = "libc++";
				CLANG_ENABLE_MODULES = YES;
				CLANG_ENABLE_OBJC_ARC = YES;
				CLANG_ENABLE_OBJC_WEAK = YES;
				CLANG_WARN_BLOCK_CAPTURE_AUTORELEASING = YES;
				CLANG_WARN_BOOL_CONVERSION = YES;
				CLANG_WARN_COMMA = YES;
				CLANG_WARN_CONSTANT_CONVERSION = YES;
				CLANG_WARN_DEPRECATED_OBJC_IMPLEMENTATIONS = YES;
				CLANG_WARN_DIRECT_OBJC_ISA_USAGE = YES_ERROR;
				CLANG_WARN_DOCUMENTATION_COMMENTS = YES;
				CLANG_WARN_EMPTY_BODY = YES;
				CLANG_WARN_ENUM_CONVERSION = YES;
				CLANG_WARN_INFINITE_RECURSION = YES;
				CLANG_WARN_INT_CONVERSION = YES;
				CLANG_WARN_NON_LITERAL_NULL_CONVERSION = YES;
				CLANG_WARN_OBJC_IMPLICIT_RETAIN_SELF = YES;
				CLANG_WARN_OBJC_LITERAL_CONVERSION = YES;
				CLANG_WARN_OBJC_ROOT_CLASS = YES_ERROR;
				CLANG_WARN_RANGE_LOOP_ANALYSIS = YES;
				CLANG_WARN_STRICT_PROTOTYPES = YES;
				CLANG_WARN_SUSPICIOUS_MOVE = YES;
				CLANG_WARN_UNGUARDED_AVAILABILITY = YES_AGGRESSIVE;
				CLANG_WARN_UNREACHABLE_CODE = YES;
				CLANG_WARN__DUPLICATE_METHOD_MATCH = YES;
				CODE_SIGN_IDENTITY = "iPhone Developer";
				COPY_PHASE_STRIP = NO;
				DEBUG_INFORMATION_FORMAT = dwarf;
				ENABLE_STRICT_OBJC_MSGSEND = YES;
				ENABLE_TESTABILITY = YES;
				GCC_C_LANGUAGE_STANDARD = gnu11;
				GCC_DYNAMIC_NO_PIC = NO;
				GCC_NO_COMMON_BLOCKS = YES;
				GCC_OPTIMIZATION_LEVEL = 0;
				GCC_PREPROCESSOR_DEFINITIONS = (
					"DEBUG=1",
					"$(inherited)",
				);
				GCC_WARN_64_TO_32_BIT_CONVERSION = YES;
				GCC_WARN_ABOUT_RETURN_TYPE = YES_ERROR;
				GCC_WARN_UNDECLARED_SELECTOR = YES;
				GCC_WARN_UNINITIALIZED_AUTOS = YES_AGGRESSIVE;
				GCC_WARN_UNUSED_FUNCTION = YES;
				GCC_WARN_UNUSED_VARIABLE = YES;
				IPHONEOS_DEPLOYMENT_TARGET = 12.1;
				MTL_ENABLE_DEBUG_INFO = INCLUDE_SOURCE;
				MTL_FAST_MATH = YES;
				ONLY_ACTIVE_ARCH = YES;
				SDKROOT = iphoneos;
			};
			name = Debug;
		};
		78CAAC9F22677B2500C49AC5 /* Release */ = {
			isa = XCBuildConfiguration;
			buildSettings = {
				ALWAYS_SEARCH_USER_PATHS = NO;
				CLANG_ANALYZER_NONNULL = YES;
				CLANG_ANALYZER_NUMBER_OBJECT_CONVERSION = YES_AGGRESSIVE;
				CLANG_CXX_LANGUAGE_STANDARD = "gnu++14";
				CLANG_CXX_LIBRARY = "libc++";
				CLANG_ENABLE_MODULES = YES;
				CLANG_ENABLE_OBJC_ARC = YES;
				CLANG_ENABLE_OBJC_WEAK = YES;
				CLANG_WARN_BLOCK_CAPTURE_AUTORELEASING = YES;
				CLANG_WARN_BOOL_CONVERSION = YES;
				CLANG_WARN_COMMA = YES;
				CLANG_WARN_CONSTANT_CONVERSION = YES;
				CLANG_WARN_DEPRECATED_OBJC_IMPLEMENTATIONS = YES;
				CLANG_WARN_DIRECT_OBJC_ISA_USAGE = YES_ERROR;
				CLANG_WARN_DOCUMENTATION_COMMENTS = YES;
				CLANG_WARN_EMPTY_BODY = YES;
				CLANG_WARN_ENUM_CONVERSION = YES;
				CLANG_WARN_INFINITE_RECURSION = YES;
				CLANG_WARN_INT_CONVERSION = YES;
				CLANG_WARN_NON_LITERAL_NULL_CONVERSION = YES;
				CLANG_WARN_OBJC_IMPLICIT_RETAIN_SELF = YES;
				CLANG_WARN_OBJC_LITERAL_CONVERSION = YES;
				CLANG_WARN_OBJC_ROOT_CLASS = YES_ERROR;
				CLANG_WARN_RANGE_LOOP_ANALYSIS = YES;
				CLANG_WARN_STRICT_PROTOTYPES = YES;
				CLANG_WARN_SUSPICIOUS_MOVE = YES;
				CLANG_WARN_UNGUARDED_AVAILABILITY = YES_AGGRESSIVE;
				CLANG_WARN_UNREACHABLE_CODE = YES;
				CLANG_WARN__DUPLICATE_METHOD_MATCH = YES;
				CODE_SIGN_IDENTITY = "iPhone Developer";
				COPY_PHASE_STRIP = NO;
				DEBUG_INFORMATION_FORMAT = "dwarf-with-dsym";
				ENABLE_NS_ASSERTIONS = NO;
				ENABLE_STRICT_OBJC_MSGSEND = YES;
				GCC_C_LANGUAGE_STANDARD = gnu11;
				GCC_NO_COMMON_BLOCKS = YES;
				GCC_WARN_64_TO_32_BIT_CONVERSION = YES;
				GCC_WARN_ABOUT_RETURN_TYPE = YES_ERROR;
				GCC_WARN_UNDECLARED_SELECTOR = YES;
				GCC_WARN_UNINITIALIZED_AUTOS = YES_AGGRESSIVE;
				GCC_WARN_UNUSED_FUNCTION = YES;
				GCC_WARN_UNUSED_VARIABLE = YES;
				IPHONEOS_DEPLOYMENT_TARGET = 12.1;
				MTL_ENABLE_DEBUG_INFO = NO;
				MTL_FAST_MATH = YES;
				SDKROOT = iphoneos;
				VALIDATE_PRODUCT = YES;
			};
			name = Release;
		};
		78CAACA122677B2500C49AC5 /* Debug */ = {
			isa = XCBuildConfiguration;
			baseConfigurationReference = 4B962D3799203464C5E59756 /* Pods-TestOne.debug.xcconfig */;
			buildSettings = {
				ASSETCATALOG_COMPILER_APPICON_NAME = AppIcon;
				CODE_SIGN_STYLE = Manual;
				DEVELOPMENT_TEAM = "";
				INFOPLIST_FILE = TestOne/Info.plist;
				LD_RUNPATH_SEARCH_PATHS = (
					"$(inherited)",
					"@executable_path/Frameworks",
				);
				PRODUCT_BUNDLE_IDENTIFIER = com.qianzhao.test.TestOne;
				PRODUCT_NAME = "$(TARGET_NAME)";
				PROVISIONING_PROFILE_SPECIFIER = "";
				TARGETED_DEVICE_FAMILY = "1,2";
			};
			name = Debug;
		};
		78CAACA222677B2500C49AC5 /* Release */ = {
			isa = XCBuildConfiguration;
			baseConfigurationReference = BA5929058CB64D0EFB6C1F58 /* Pods-TestOne.release.xcconfig */;
			buildSettings = {
				ASSETCATALOG_COMPILER_APPICON_NAME = AppIcon;
				CODE_SIGN_STYLE = Manual;
				DEVELOPMENT_TEAM = "";
				INFOPLIST_FILE = TestOne/Info.plist;
				LD_RUNPATH_SEARCH_PATHS = (
					"$(inherited)",
					"@executable_path/Frameworks",
				);
				PRODUCT_BUNDLE_IDENTIFIER = com.qianzhao.test.TestOne;
				PRODUCT_NAME = "$(TARGET_NAME)";
				PROVISIONING_PROFILE_SPECIFIER = "";
				TARGETED_DEVICE_FAMILY = "1,2";
			};
			name = Release;
		};
/* End XCBuildConfiguration section */

/* Begin XCConfigurationList section */
		78CAAC8522677B2400C49AC5 /* Build configuration list for PBXProject "TestOne" */ = {
			isa = XCConfigurationList;
			buildConfigurations = (
				78CAAC9E22677B2500C49AC5 /* Debug */,
				78CAAC9F22677B2500C49AC5 /* Release */,
			);
			defaultConfigurationIsVisible = 0;
			defaultConfigurationName = Release;
		};
		78CAACA022677B2500C49AC5 /* Build configuration list for PBXNativeTarget "TestOne" */ = {
			isa = XCConfigurationList;
			buildConfigurations = (
				78CAACA122677B2500C49AC5 /* Debug */,
				78CAACA222677B2500C49AC5 /* Release */,
			);
			defaultConfigurationIsVisible = 0;
			defaultConfigurationName = Release;
		};
/* End XCConfigurationList section */
	};
	rootObject = 78CAAC8222677B2400C49AC5 /* Project object */;
}
